
Microsoft Visual Studio Solution File, Format Version 12.00
# Visual Studio Version 17
VisualStudioVersion = 17.6.33829.357
MinimumVisualStudioVersion = 10.0.40219.1
Project("{FAE04EC0-301F-11D3-BF4B-00C04F79EFBC}") = "PriceMyHideAO.API", "PriceMyHideAO.API\PriceMyHideAO.API.csproj", "{7376D8E2-935A-41D6-9D86-56CE7D74AFF0}"
EndProject
Global
	GlobalSection(SolutionConfigurationPlatforms) = preSolution
		Debug|Any CPU = Debug|Any CPU
		Release|Any CPU = Release|Any CPU
	EndGlobalSection
	GlobalSection(ProjectConfigurationPlatforms) = postSolution
		{7376D8E2-935A-41D6-9D86-56CE7D74AFF0}.Debug|Any CPU.ActiveCfg = Debug|Any CPU
		{7376D8E2-935A-41D6-9D86-56CE7D74AFF0}.Debug|Any CPU.Build.0 = Debug|Any CPU
		{7376D8E2-935A-41D6-9D86-56CE7D74AFF0}.Release|Any CPU.ActiveCfg = Release|Any CPU
		{7376D8E2-935A-41D6-9D86-56CE7D74AFF0}.Release|Any CPU.Build.0 = Release|Any CPU
	EndGlobalSection
	GlobalSection(SolutionProperties) = preSolution
		HideSolutionNode = FALSE
	EndGlobalSection
	GlobalSection(ExtensibilityGlobals) = postSolution
		SolutionGuid = {363AC41D-ACE8-4CD8-9021-8F6E0F88AC00}
	EndGlobalSection
EndGlobal
